
Microsoft Visual Studio Solution File, Format Version 12.00
# Visual Studio Version 17
VisualStudioVersion = 17.4.33213.308
MinimumVisualStudioVersion = 10.0.40219.1
Project("{9A19103F-16F7-4668-BE54-9A1E7A4F7556}") = "TradeMonkey.Data", "TradeMonkey.Data\TradeMonkey.Data.csproj", "{9C44E1DA-1F75-4B68-8CEC-A8363BE992FF}"
EndProject
Project("{9A19103F-16F7-4668-BE54-9A1E7A4F7556}") = "TradeMonkey.Trader", "TradeMonkey.DecisionData\TradeMonkey.Trader.csproj", "{7071FD7A-3C27-4598-915A-B452592572EF}"
EndProject
Project("{FAE04EC0-301F-11D3-BF4B-00C04F79EFBC}") = "TradeMonkey.DataCollector", "TradeMonkey.DataCollector\TradeMonkey.DataCollector.csproj", "{8F0EB8EF-EE2F-448F-B4FF-3F05B794036B}"
EndProject
Project("{FAE04EC0-301F-11D3-BF4B-00C04F79EFBC}") = "TradeMonkey.Services", "TradeMonkey.Services\TradeMonkey.Services.csproj", "{C0C4A83D-280C-482B-8609-F5A65DD26F54}"
EndProject
Project("{FAE04EC0-301F-11D3-BF4B-00C04F79EFBC}") = "TradeMonkey.Core", "TradeMonkey.Core\TradeMonkey.Core.csproj", "{88C74E98-DA42-4A30-A6CB-F9EF534E5DF6}"
EndProject
Global
	GlobalSection(SolutionConfigurationPlatforms) = preSolution
		Debug|Any CPU = Debug|Any CPU
		Debug|arm64 = Debug|arm64
		Debug|x86 = Debug|x86
		Release|Any CPU = Release|Any CPU
		Release|arm64 = Release|arm64
		Release|x86 = Release|x86
	EndGlobalSection
	GlobalSection(ProjectConfigurationPlatforms) = postSolution
		{9C44E1DA-1F75-4B68-8CEC-A8363BE992FF}.Debug|Any CPU.ActiveCfg = Debug|Any CPU
		{9C44E1DA-1F75-4B68-8CEC-A8363BE992FF}.Debug|Any CPU.Build.0 = Debug|Any CPU
		{9C44E1DA-1F75-4B68-8CEC-A8363BE992FF}.Debug|arm64.ActiveCfg = Debug|Any CPU
		{9C44E1DA-1F75-4B68-8CEC-A8363BE992FF}.Debug|arm64.Build.0 = Debug|Any CPU
		{9C44E1DA-1F75-4B68-8CEC-A8363BE992FF}.Debug|x86.ActiveCfg = Debug|Any CPU
		{9C44E1DA-1F75-4B68-8CEC-A8363BE992FF}.Debug|x86.Build.0 = Debug|Any CPU
		{9C44E1DA-1F75-4B68-8CEC-A8363BE992FF}.Release|Any CPU.ActiveCfg = Release|Any CPU
		{9C44E1DA-1F75-4B68-8CEC-A8363BE992FF}.Release|Any CPU.Build.0 = Release|Any CPU
		{9C44E1DA-1F75-4B68-8CEC-A8363BE992FF}.Release|arm64.ActiveCfg = Release|Any CPU
		{9C44E1DA-1F75-4B68-8CEC-A8363BE992FF}.Release|arm64.Build.0 = Release|Any CPU
		{9C44E1DA-1F75-4B68-8CEC-A8363BE992FF}.Release|x86.ActiveCfg = Release|Any CPU
		{9C44E1DA-1F75-4B68-8CEC-A8363BE992FF}.Release|x86.Build.0 = Release|Any CPU
		{7071FD7A-3C27-4598-915A-B452592572EF}.Debug|Any CPU.ActiveCfg = Debug|Any CPU
		{7071FD7A-3C27-4598-915A-B452592572EF}.Debug|Any CPU.Build.0 = Debug|Any CPU
		{7071FD7A-3C27-4598-915A-B452592572EF}.Debug|arm64.ActiveCfg = Debug|Any CPU
		{7071FD7A-3C27-4598-915A-B452592572EF}.Debug|arm64.Build.0 = Debug|Any CPU
		{7071FD7A-3C27-4598-915A-B452592572EF}.Debug|x86.ActiveCfg = Debug|Any CPU
		{7071FD7A-3C27-4598-915A-B452592572EF}.Debug|x86.Build.0 = Debug|Any CPU
		{7071FD7A-3C27-4598-915A-B452592572EF}.Release|Any CPU.ActiveCfg = Release|Any CPU
		{7071FD7A-3C27-4598-915A-B452592572EF}.Release|Any CPU.Build.0 = Release|Any CPU
		{7071FD7A-3C27-4598-915A-B452592572EF}.Release|arm64.ActiveCfg = Release|Any CPU
		{7071FD7A-3C27-4598-915A-B452592572EF}.Release|arm64.Build.0 = Release|Any CPU
		{7071FD7A-3C27-4598-915A-B452592572EF}.Release|x86.ActiveCfg = Release|Any CPU
		{7071FD7A-3C27-4598-915A-B452592572EF}.Release|x86.Build.0 = Release|Any CPU
		{8F0EB8EF-EE2F-448F-B4FF-3F05B794036B}.Debug|Any CPU.ActiveCfg = Debug|Any CPU
		{8F0EB8EF-EE2F-448F-B4FF-3F05B794036B}.Debug|Any CPU.Build.0 = Debug|Any CPU
		{8F0EB8EF-EE2F-448F-B4FF-3F05B794036B}.Debug|arm64.ActiveCfg = Debug|Any CPU
		{8F0EB8EF-EE2F-448F-B4FF-3F05B794036B}.Debug|arm64.Build.0 = Debug|Any CPU
		{8F0EB8EF-EE2F-448F-B4FF-3F05B794036B}.Debug|x86.ActiveCfg = Debug|Any CPU
		{8F0EB8EF-EE2F-448F-B4FF-3F05B794036B}.Debug|x86.Build.0 = Debug|Any CPU
		{8F0EB8EF-EE2F-448F-B4FF-3F05B794036B}.Release|Any CPU.ActiveCfg = Release|Any CPU
		{8F0EB8EF-EE2F-448F-B4FF-3F05B794036B}.Release|Any CPU.Build.0 = Release|Any CPU
		{8F0EB8EF-EE2F-448F-B4FF-3F05B794036B}.Release|arm64.ActiveCfg = Release|Any CPU
		{8F0EB8EF-EE2F-448F-B4FF-3F05B794036B}.Release|arm64.Build.0 = Release|Any CPU
		{8F0EB8EF-EE2F-448F-B4FF-3F05B794036B}.Release|x86.ActiveCfg = Release|Any CPU
		{8F0EB8EF-EE2F-448F-B4FF-3F05B794036B}.Release|x86.Build.0 = Release|Any CPU
		{C0C4A83D-280C-482B-8609-F5A65DD26F54}.Debug|Any CPU.ActiveCfg = Debug|Any CPU
		{C0C4A83D-280C-482B-8609-F5A65DD26F54}.Debug|Any CPU.Build.0 = Debug|Any CPU
		{C0C4A83D-280C-482B-8609-F5A65DD26F54}.Debug|arm64.ActiveCfg = Debug|Any CPU
		{C0C4A83D-280C-482B-8609-F5A65DD26F54}.Debug|arm64.Build.0 = Debug|Any CPU
		{C0C4A83D-280C-482B-8609-F5A65DD26F54}.Debug|x86.ActiveCfg = Debug|Any CPU
		{C0C4A83D-280C-482B-8609-F5A65DD26F54}.Debug|x86.Build.0 = Debug|Any CPU
		{C0C4A83D-280C-482B-8609-F5A65DD26F54}.Release|Any CPU.ActiveCfg = Release|Any CPU
		{C0C4A83D-280C-482B-8609-F5A65DD26F54}.Release|Any CPU.Build.0 = Release|Any CPU
		{C0C4A83D-280C-482B-8609-F5A65DD26F54}.Release|arm64.ActiveCfg = Release|Any CPU
		{C0C4A83D-280C-482B-8609-F5A65DD26F54}.Release|arm64.Build.0 = Release|Any CPU
		{C0C4A83D-280C-482B-8609-F5A65DD26F54}.Release|x86.ActiveCfg = Release|Any CPU
		{C0C4A83D-280C-482B-8609-F5A65DD26F54}.Release|x86.Build.0 = Release|Any CPU
		{88C74E98-DA42-4A30-A6CB-F9EF534E5DF6}.Debug|Any CPU.ActiveCfg = Debug|Any CPU
		{88C74E98-DA42-4A30-A6CB-F9EF534E5DF6}.Debug|Any CPU.Build.0 = Debug|Any CPU
		{88C74E98-DA42-4A30-A6CB-F9EF534E5DF6}.Debug|arm64.ActiveCfg = Debug|Any CPU
		{88C74E98-DA42-4A30-A6CB-F9EF534E5DF6}.Debug|arm64.Build.0 = Debug|Any CPU
		{88C74E98-DA42-4A30-A6CB-F9EF534E5DF6}.Debug|x86.ActiveCfg = Debug|Any CPU
		{88C74E98-DA42-4A30-A6CB-F9EF534E5DF6}.Debug|x86.Build.0 = Debug|Any CPU
		{88C74E98-DA42-4A30-A6CB-F9EF534E5DF6}.Release|Any CPU.ActiveCfg = Release|Any CPU
		{88C74E98-DA42-4A30-A6CB-F9EF534E5DF6}.Release|Any CPU.Build.0 = Release|Any CPU
		{88C74E98-DA42-4A30-A6CB-F9EF534E5DF6}.Release|arm64.ActiveCfg = Release|Any CPU
		{88C74E98-DA42-4A30-A6CB-F9EF534E5DF6}.Release|arm64.Build.0 = Release|Any CPU
		{88C74E98-DA42-4A30-A6CB-F9EF534E5DF6}.Release|x86.ActiveCfg = Release|Any CPU
		{88C74E98-DA42-4A30-A6CB-F9EF534E5DF6}.Release|x86.Build.0 = Release|Any CPU
	EndGlobalSection
	GlobalSection(SolutionProperties) = preSolution
		HideSolutionNode = FALSE
	EndGlobalSection
	GlobalSection(ExtensibilityGlobals) = postSolution
		SolutionGuid = {1DB5F9A4-49AC-4C37-8F4F-594FDC4B6F74}
	EndGlobalSection
EndGlobal
